
Microsoft Visual Studio Solution File, Format Version 11.00
# Visual C++ Express 2010
Project("{8BC9CEB8-8B4A-11D0-8D11-00A0C91BC942}") = "advil", "advil\advil.vcxproj", "{FC9A5382-9903-433C-B3B0-1B7B1D927CDC}"
EndProject
Global
	GlobalSection(SolutionConfigurationPlatforms) = preSolution
		Debug|Win32 = Debug|Win32
		Release|Win32 = Release|Win32
	EndGlobalSection
	GlobalSection(ProjectConfigurationPlatforms) = postSolution
		{FC9A5382-9903-433C-B3B0-1B7B1D927CDC}.Debug|Win32.ActiveCfg = Debug|Win32
		{FC9A5382-9903-433C-B3B0-1B7B1D927CDC}.Debug|Win32.Build.0 = Debug|Win32
		{FC9A5382-9903-433C-B3B0-1B7B1D927CDC}.Release|Win32.ActiveCfg = Release|Win32
		{FC9A5382-9903-433C-B3B0-1B7B1D927CDC}.Release|Win32.Build.0 = Release|Win32
	EndGlobalSection
	GlobalSection(SolutionProperties) = preSolution
		HideSolutionNode = FALSE
	EndGlobalSection
EndGlobal
